
Microsoft Visual Studio Solution File, Format Version 12.00
# Visual Studio Version 17
VisualStudioVersion = 17.14.37216.2 d17.14
MinimumVisualStudioVersion = 10.0.40219.1
Project("{FAE04EC0-301F-11D3-BF4B-00C04F79EFBC}") = "CSharpStudentCourseManagementDesignPatterns", "CSharpStudentCourseManagementDesignPatterns\CSharpStudentCourseManagementDesignPatterns.csproj", "{038D4E8A-E900-4AAA-93BC-A454EE2E7227}"
EndProject
Global
	GlobalSection(SolutionConfigurationPlatforms) = preSolution
		Debug|Any CPU = Debug|Any CPU
		Release|Any CPU = Release|Any CPU
	EndGlobalSection
	GlobalSection(ProjectConfigurationPlatforms) = postSolution
		{038D4E8A-E900-4AAA-93BC-A454EE2E7227}.Debug|Any CPU.ActiveCfg = Debug|Any CPU
		{038D4E8A-E900-4AAA-93BC-A454EE2E7227}.Debug|Any CPU.Build.0 = Debug|Any CPU
		{038D4E8A-E900-4AAA-93BC-A454EE2E7227}.Release|Any CPU.ActiveCfg = Release|Any CPU
		{038D4E8A-E900-4AAA-93BC-A454EE2E7227}.Release|Any CPU.Build.0 = Release|Any CPU
	EndGlobalSection
	GlobalSection(SolutionProperties) = preSolution
		HideSolutionNode = FALSE
	EndGlobalSection
	GlobalSection(ExtensibilityGlobals) = postSolution
		SolutionGuid = {69DC70B2-A5A6-4956-985A-7E7C2C45E243}
	EndGlobalSection
EndGlobal
